Microsoft Visual Studio Solution File, Format Version 11.00
# Visual Studio 2008

Project("{B362D6AD-90DD-23D7-6EBC-DA69633B9472}") = "myTowerDefense", "Assembly-CSharp-firstpass.csproj", "{587D9783-7717-3272-E86B-750E423834E8}"
EndProject
Project("{B362D6AD-90DD-23D7-6EBC-DA69633B9472}") = "myTowerDefense", "Assembly-CSharp.csproj", "{F655A302-5933-81A9-6169-3D4EEA8E4E16}"
EndProject
Project("{B362D6AD-90DD-23D7-6EBC-DA69633B9472}") = "myTowerDefense", "Assembly-CSharp-Editor.csproj", "{BC493456-986E-26AB-B92E-139D088B590C}"
EndProject
Global
	GlobalSection(SolutionConfigurationPlatforms) = preSolution
		Debug|Any CPU = Debug|Any CPU
		Release|Any CPU = Release|Any CPU
	EndGlobalSection
	GlobalSection(ProjectConfigurationPlatforms) = postSolution
		{587D9783-7717-3272-E86B-750E423834E8}.Debug|Any CPU.ActiveCfg = Debug|Any CPU
		{587D9783-7717-3272-E86B-750E423834E8}.Debug|Any CPU.Build.0 = Debug|Any CPU
		{587D9783-7717-3272-E86B-750E423834E8}.Release|Any CPU.ActiveCfg = Release|Any CPU
		{587D9783-7717-3272-E86B-750E423834E8}.Release|Any CPU.Build.0 = Release|Any CPU
		{F655A302-5933-81A9-6169-3D4EEA8E4E16}.Debug|Any CPU.ActiveCfg = Debug|Any CPU
		{F655A302-5933-81A9-6169-3D4EEA8E4E16}.Debug|Any CPU.Build.0 = Debug|Any CPU
		{F655A302-5933-81A9-6169-3D4EEA8E4E16}.Release|Any CPU.ActiveCfg = Release|Any CPU
		{F655A302-5933-81A9-6169-3D4EEA8E4E16}.Release|Any CPU.Build.0 = Release|Any CPU
		{BC493456-986E-26AB-B92E-139D088B590C}.Debug|Any CPU.ActiveCfg = Debug|Any CPU
		{BC493456-986E-26AB-B92E-139D088B590C}.Debug|Any CPU.Build.0 = Debug|Any CPU
		{BC493456-986E-26AB-B92E-139D088B590C}.Release|Any CPU.ActiveCfg = Release|Any CPU
		{BC493456-986E-26AB-B92E-139D088B590C}.Release|Any CPU.Build.0 = Release|Any CPU
	EndGlobalSection
	GlobalSection(SolutionProperties) = preSolution
		HideSolutionNode = FALSE
	EndGlobalSection
	GlobalSection(MonoDevelopProperties) = preSolution
		StartupItem = Assembly-CSharp.csproj
	EndGlobalSection
EndGlobal
